
Microsoft Visual Studio Solution File, Format Version 12.00
# Visual Studio 15
VisualStudioVersion = 15.0.28307.489
MinimumVisualStudioVersion = 10.0.40219.1
Project("{FAE04EC0-301F-11D3-BF4B-00C04F79EFBC}") = "BangazonAPI", "BangazonAPI\BangazonAPI.csproj", "{BB5CEB73-2AB4-4F31-8035-084B77CAF44E}"
EndProject
Global
	GlobalSection(SolutionConfigurationPlatforms) = preSolution
		Debug|Any CPU = Debug|Any CPU
		Release|Any CPU = Release|Any CPU
	EndGlobalSection
	GlobalSection(ProjectConfigurationPlatforms) = postSolution
		{BB5CEB73-2AB4-4F31-8035-084B77CAF44E}.Debug|Any CPU.ActiveCfg = Debug|Any CPU
		{BB5CEB73-2AB4-4F31-8035-084B77CAF44E}.Debug|Any CPU.Build.0 = Debug|Any CPU
		{BB5CEB73-2AB4-4F31-8035-084B77CAF44E}.Release|Any CPU.ActiveCfg = Release|Any CPU
		{BB5CEB73-2AB4-4F31-8035-084B77CAF44E}.Release|Any CPU.Build.0 = Release|Any CPU
	EndGlobalSection
	GlobalSection(SolutionProperties) = preSolution
		HideSolutionNode = FALSE
	EndGlobalSection
	GlobalSection(ExtensibilityGlobals) = postSolution
		SolutionGuid = {6EBDEC22-CCB7-4948-BCB1-6EB42177A56F}
	EndGlobalSection
EndGlobal
